
Microsoft Visual Studio Solution File, Format Version 12.00
# Visual Studio Version 17
VisualStudioVersion = 17.4.33103.184
MinimumVisualStudioVersion = 10.0.40219.1
Project("{FAE04EC0-301F-11D3-BF4B-00C04F79EFBC}") = "JwtAuth", "JwtAuth\JwtAuth.csproj", "{1830FFBA-971F-4727-BC2B-BCD9A434B4F4}"
EndProject
Global
	GlobalSection(SolutionConfigurationPlatforms) = preSolution
		Debug|Any CPU = Debug|Any CPU
		Release|Any CPU = Release|Any CPU
	EndGlobalSection
	GlobalSection(ProjectConfigurationPlatforms) = postSolution
		{1830FFBA-971F-4727-BC2B-BCD9A434B4F4}.Debug|Any CPU.ActiveCfg = Debug|Any CPU
		{1830FFBA-971F-4727-BC2B-BCD9A434B4F4}.Debug|Any CPU.Build.0 = Debug|Any CPU
		{1830FFBA-971F-4727-BC2B-BCD9A434B4F4}.Release|Any CPU.ActiveCfg = Release|Any CPU
		{1830FFBA-971F-4727-BC2B-BCD9A434B4F4}.Release|Any CPU.Build.0 = Release|Any CPU
	EndGlobalSection
	GlobalSection(SolutionProperties) = preSolution
		HideSolutionNode = FALSE
	EndGlobalSection
	GlobalSection(ExtensibilityGlobals) = postSolution
		SolutionGuid = {59A1B60B-7294-423F-8F0C-FF828A3CF6F0}
	EndGlobalSection
EndGlobal
